<?xml version="1.0" encoding="utf-8"?>
<Project ToolsVersion="4.0" xmlns="http://schemas.microsoft.com/developer/msbuild/2003">
  <ItemGroup>
    <Filter Include="Source Files">
      <UniqueIdentifier>{4FC737F1-C7A5-4376-A066-2A32D752A2FF}</UniqueIdentifier>
      <Extensions>cpp;c;cc;cxx;c++;cppm;ixx;def;odl;idl;hpj;bat;asm;asmx</Extensions>
    </Filter>
    <Filter Include="Header Files">
      <UniqueIdentifier>{93995380-89BD-4b04-88EB-625FBE52EBFB}</UniqueIdentifier>
      <Extensions>h;hh;hpp;hxx;h++;hm;inl;inc;ipp;xsd</Extensions>
    </Filter>
    <Filter Include="Resource Files">
      <UniqueIdentifier>{67DA6AB6-F800-4c08-8B7A-83BB121AAD01}</UniqueIdentifier>
      <Extensions>rc;ico;cur;bmp;dlg;rc2;rct;bin;rgs;gif;jpg;jpeg;jpe;resx;tiff;tif;png;wav;mfcribbon-ms</Extensions>
    </Filter>
  </ItemGroup>
  <ItemGroup>
    <ClCompile Include="snake3d.cpp">
      <Filter>Source Files</Filter>
    </ClCompile>
    <ClCompile Include="glad.c">
      <Filter>Header Files</Filter>
    </ClCompile>
    <ClCompile Include="src\floor.cpp">
      <Filter>Source Files</Filter>
    </ClCompile>
    <ClCompile Include="src\cube.cpp">
      <Filter>Source Files</Filter>
    </ClCompile>
    <ClCompile Include="src\snake.cpp">
      <Filter>Source Files</Filter>
    </ClCompile>
    <ClCompile Include="src\food.cpp">
      <Filter>Source Files</Filter>
    </ClCompile>
  </ItemGroup>
  <ItemGroup>
    <ClInclude Include="shader.hpp">
      <Filter>Header Files</Filter>
    </ClInclude>
    <ClInclude Include="include\floor.hpp">
      <Filter>Header Files</Filter>
    </ClInclude>
    <ClInclude Include="camera.hpp">
      <Filter>Header Files</Filter>
    </ClInclude>
    <ClInclude Include="include\cube.hpp">
      <Filter>Header Files</Filter>
    </ClInclude>
    <ClInclude Include="include\snake.hpp">
      <Filter>Header Files</Filter>
    </ClInclude>
    <ClInclude Include="include\food.hpp">
      <Filter>Header Files</Filter>
    </ClInclude>
  </ItemGroup>
  <ItemGroup>
    <None Include="shaders\floor.fs">
      <Filter>Resource Files</Filter>
    </None>
    <None Include="shaders\floor.vs">
      <Filter>Resource Files</Filter>
    </None>
    <None Include="shaders\cube.fs">
      <Filter>Resource Files</Filter>
    </None>
    <None Include="shaders\cube.vs">
      <Filter>Resource Files</Filter>
    </None>
  </ItemGroup>
</Project>